
Microsoft Visual Studio Solution File, Format Version 12.00
# Visual Studio Version 17
VisualStudioVersion = 17.2.32602.215
MinimumVisualStudioVersion = 10.0.40219.1
Project("{888888A0-9F3D-457C-B088-3A5042F75D52}") = "twitter-clone", "twitter-clone\twitter-clone.pyproj", "{B1896BDD-C11E-45C2-931B-104796D50CD5}"
EndProject
Global
	GlobalSection(SolutionConfigurationPlatforms) = preSolution
		Debug|Any CPU = Debug|Any CPU
		Release|Any CPU = Release|Any CPU
	EndGlobalSection
	GlobalSection(ProjectConfigurationPlatforms) = postSolution
		{B1896BDD-C11E-45C2-931B-104796D50CD5}.Debug|Any CPU.ActiveCfg = Debug|Any CPU
		{B1896BDD-C11E-45C2-931B-104796D50CD5}.Debug|Any CPU.Build.0 = Debug|Any CPU
		{B1896BDD-C11E-45C2-931B-104796D50CD5}.Release|Any CPU.ActiveCfg = Release|Any CPU
		{B1896BDD-C11E-45C2-931B-104796D50CD5}.Release|Any CPU.Build.0 = Release|Any CPU
	EndGlobalSection
	GlobalSection(SolutionProperties) = preSolution
		HideSolutionNode = FALSE
	EndGlobalSection
	GlobalSection(ExtensibilityGlobals) = postSolution
		SolutionGuid = {F20AC1D1-DF32-486B-A635-EA562990679F}
	EndGlobalSection
EndGlobal
